
Microsoft Visual Studio Solution File, Format Version 12.00
# Visual Studio Version 17
VisualStudioVersion = 17.2.32630.192
MinimumVisualStudioVersion = 10.0.40219.1
Project("{2150E333-8FDC-42A3-9474-1A3956D46DE8}") = "Solution Items", "Solution Items", "{B223D286-0BA2-4F81-B8CE-D2D011DF8E9D}"
	ProjectSection(SolutionItems) = preProject
		.dockerignore = .dockerignore
		.editorconfig = .editorconfig
		.gitignore = .gitignore
		Dockerfile = Dockerfile
		README.md = README.md
	EndProjectSection
EndProject
Project("{9A19103F-16F7-4668-BE54-9A1E7A4F7556}") = "Clamify.Web", "src\Clamify.Web\Clamify.Web.csproj", "{31BF79F5-8003-4232-95EB-927DA952A86C}"
EndProject
Project("{2150E333-8FDC-42A3-9474-1A3956D46DE8}") = "src", "src", "{F865C11B-C3FA-4447-8325-B204DADB6518}"
EndProject
Project("{9A19103F-16F7-4668-BE54-9A1E7A4F7556}") = "Clamify.Entities", "src\Clamify.Entities\Clamify.Entities.csproj", "{E0C3934E-1CFA-43D2-9CAD-E4372F5B5F57}"
EndProject
Project("{9A19103F-16F7-4668-BE54-9A1E7A4F7556}") = "Clamify.RequestHandling", "src\Clamify.RequestHandling\Clamify.RequestHandling.csproj", "{567AB2D2-FBEA-4248-BB84-FB6DF88E31C0}"
EndProject
Project("{9A19103F-16F7-4668-BE54-9A1E7A4F7556}") = "Clamify.Core", "src\Clamify.Core\Clamify.Core.csproj", "{AFEE3B78-2E1B-4919-A87F-28837242CCAA}"
EndProject
Project("{2150E333-8FDC-42A3-9474-1A3956D46DE8}") = "tests", "tests", "{77FA996E-CFE6-4D28-B507-434321B24AE7}"
EndProject
Project("{9A19103F-16F7-4668-BE54-9A1E7A4F7556}") = "Clamify.IntegrationTests", "tests\Clamify.IntegrationTests\Clamify.IntegrationTests.csproj", "{A13961CE-DCFA-465A-B486-95393BEF482C}"
EndProject
Project("{9A19103F-16F7-4668-BE54-9A1E7A4F7556}") = "Clamify.Tests", "tests\Clamify.Tests\Clamify.Tests.csproj", "{5337410A-2087-4D57-9145-34209E1F9A7E}"
EndProject
Project("{2150E333-8FDC-42A3-9474-1A3956D46DE8}") = ".github", ".github", "{BE88B6DC-04EE-4CD9-B91A-FCF78D98AD56}"
	ProjectSection(SolutionItems) = preProject
		.github\pull_request_template.md = .github\pull_request_template.md
	EndProjectSection
EndProject
Project("{2150E333-8FDC-42A3-9474-1A3956D46DE8}") = "workflows", "workflows", "{5B6A0245-B056-4318-B32A-3D16CB887953}"
	ProjectSection(SolutionItems) = preProject
		.github\workflows\github-cd.yml = .github\workflows\github-cd.yml
		.github\workflows\github-ci.yml = .github\workflows\github-ci.yml
	EndProjectSection
EndProject
Project("{2150E333-8FDC-42A3-9474-1A3956D46DE8}") = "kubernetes", "kubernetes", "{60254F70-B203-43F1-BE06-842092FD236A}"
	ProjectSection(SolutionItems) = preProject
		kubernetes\deployment.yml = kubernetes\deployment.yml
		kubernetes\service.yml = kubernetes\service.yml
	EndProjectSection
EndProject
Global
	GlobalSection(SolutionConfigurationPlatforms) = preSolution
		Debug|Any CPU = Debug|Any CPU
		Release|Any CPU = Release|Any CPU
	EndGlobalSection
	GlobalSection(ProjectConfigurationPlatforms) = postSolution
		{31BF79F5-8003-4232-95EB-927DA952A86C}.Debug|Any CPU.ActiveCfg = Debug|Any CPU
		{31BF79F5-8003-4232-95EB-927DA952A86C}.Debug|Any CPU.Build.0 = Debug|Any CPU
		{31BF79F5-8003-4232-95EB-927DA952A86C}.Release|Any CPU.ActiveCfg = Release|Any CPU
		{31BF79F5-8003-4232-95EB-927DA952A86C}.Release|Any CPU.Build.0 = Release|Any CPU
		{E0C3934E-1CFA-43D2-9CAD-E4372F5B5F57}.Debug|Any CPU.ActiveCfg = Debug|Any CPU
		{E0C3934E-1CFA-43D2-9CAD-E4372F5B5F57}.Debug|Any CPU.Build.0 = Debug|Any CPU
		{E0C3934E-1CFA-43D2-9CAD-E4372F5B5F57}.Release|Any CPU.ActiveCfg = Release|Any CPU
		{E0C3934E-1CFA-43D2-9CAD-E4372F5B5F57}.Release|Any CPU.Build.0 = Release|Any CPU
		{567AB2D2-FBEA-4248-BB84-FB6DF88E31C0}.Debug|Any CPU.ActiveCfg = Debug|Any CPU
		{567AB2D2-FBEA-4248-BB84-FB6DF88E31C0}.Debug|Any CPU.Build.0 = Debug|Any CPU
		{567AB2D2-FBEA-4248-BB84-FB6DF88E31C0}.Release|Any CPU.ActiveCfg = Release|Any CPU
		{567AB2D2-FBEA-4248-BB84-FB6DF88E31C0}.Release|Any CPU.Build.0 = Release|Any CPU
		{AFEE3B78-2E1B-4919-A87F-28837242CCAA}.Debug|Any CPU.ActiveCfg = Debug|Any CPU
		{AFEE3B78-2E1B-4919-A87F-28837242CCAA}.Debug|Any CPU.Build.0 = Debug|Any CPU
		{AFEE3B78-2E1B-4919-A87F-28837242CCAA}.Release|Any CPU.ActiveCfg = Release|Any CPU
		{AFEE3B78-2E1B-4919-A87F-28837242CCAA}.Release|Any CPU.Build.0 = Release|Any CPU
		{A13961CE-DCFA-465A-B486-95393BEF482C}.Debug|Any CPU.ActiveCfg = Debug|Any CPU
		{A13961CE-DCFA-465A-B486-95393BEF482C}.Debug|Any CPU.Build.0 = Debug|Any CPU
		{A13961CE-DCFA-465A-B486-95393BEF482C}.Release|Any CPU.ActiveCfg = Release|Any CPU
		{A13961CE-DCFA-465A-B486-95393BEF482C}.Release|Any CPU.Build.0 = Release|Any CPU
		{5337410A-2087-4D57-9145-34209E1F9A7E}.Debug|Any CPU.ActiveCfg = Debug|Any CPU
		{5337410A-2087-4D57-9145-34209E1F9A7E}.Debug|Any CPU.Build.0 = Debug|Any CPU
		{5337410A-2087-4D57-9145-34209E1F9A7E}.Release|Any CPU.ActiveCfg = Release|Any CPU
		{5337410A-2087-4D57-9145-34209E1F9A7E}.Release|Any CPU.Build.0 = Release|Any CPU
	EndGlobalSection
	GlobalSection(SolutionProperties) = preSolution
		HideSolutionNode = FALSE
	EndGlobalSection
	GlobalSection(NestedProjects) = preSolution
		{31BF79F5-8003-4232-95EB-927DA952A86C} = {F865C11B-C3FA-4447-8325-B204DADB6518}
		{E0C3934E-1CFA-43D2-9CAD-E4372F5B5F57} = {F865C11B-C3FA-4447-8325-B204DADB6518}
		{567AB2D2-FBEA-4248-BB84-FB6DF88E31C0} = {F865C11B-C3FA-4447-8325-B204DADB6518}
		{AFEE3B78-2E1B-4919-A87F-28837242CCAA} = {F865C11B-C3FA-4447-8325-B204DADB6518}
		{A13961CE-DCFA-465A-B486-95393BEF482C} = {77FA996E-CFE6-4D28-B507-434321B24AE7}
		{5337410A-2087-4D57-9145-34209E1F9A7E} = {77FA996E-CFE6-4D28-B507-434321B24AE7}
		{BE88B6DC-04EE-4CD9-B91A-FCF78D98AD56} = {B223D286-0BA2-4F81-B8CE-D2D011DF8E9D}
		{5B6A0245-B056-4318-B32A-3D16CB887953} = {BE88B6DC-04EE-4CD9-B91A-FCF78D98AD56}
		{60254F70-B203-43F1-BE06-842092FD236A} = {B223D286-0BA2-4F81-B8CE-D2D011DF8E9D}
	EndGlobalSection
	GlobalSection(ExtensibilityGlobals) = postSolution
		SolutionGuid = {C77366EB-D75A-4356-9DB3-225C22FB45CD}
	EndGlobalSection
EndGlobal
